// !$*UTF8*$!
{
	archiveVersion = 1;
	classes = {
	};
	objectVersion = 50;
	objects = {

/* Begin PBXBuildFile section */
		94231E8825BF6DC0005770D2 /* AppDelegate.swift in Sources */ = {isa = PBXBuildFile; fileRef = 94231E8725BF6DC0005770D2 /* AppDelegate.swift */; };
		94231E8A25BF6DC0005770D2 /* SceneDelegate.swift in Sources */ = {isa = PBXBuildFile; fileRef = 94231E8925BF6DC0005770D2 /* SceneDelegate.swift */; };
		94231E8F25BF6DC0005770D2 /* Main.storyboard in Resources */ = {isa = PBXBuildFile; fileRef = 94231E8D25BF6DC0005770D2 /* Main.storyboard */; };
		94231E9125BF6DC1005770D2 /* Assets.xcassets in Resources */ = {isa = PBXBuildFile; fileRef = 94231E9025BF6DC1005770D2 /* Assets.xcassets */; };
		94231E9425BF6DC1005770D2 /* LaunchScreen.storyboard in Resources */ = {isa = PBXBuildFile; fileRef = 94231E9225BF6DC1005770D2 /* LaunchScreen.storyboard */; };
		9432861325C686B400BE327E /* TableViewController.swift in Sources */ = {isa = PBXBuildFile; fileRef = 9432861225C686B400BE327E /* TableViewController.swift */; };
		9432861625C68BDD00BE327E /* MyGroupsTableViewController.swift in Sources */ = {isa = PBXBuildFile; fileRef = 9432861525C68BDD00BE327E /* MyGroupsTableViewController.swift */; };
		9432861925C68BEE00BE327E /* GlobalGroupsTableViewController.swift in Sources */ = {isa = PBXBuildFile; fileRef = 9432861825C68BEE00BE327E /* GlobalGroupsTableViewController.swift */; };
		948C49DA25C0B97400826AE7 /* ViewController.swift in Sources */ = {isa = PBXBuildFile; fileRef = 948C49D925C0B97400826AE7 /* ViewController.swift */; };
/* End PBXBuildFile section */

/* Begin PBXFileReference section */
		94231E8425BF6DC0005770D2 /* UILessonsApp.app */ = {isa = PBXFileReference; explicitFileType = wrapper.application; includeInIndex = 0; path = UILessonsApp.app; sourceTree = BUILT_PRODUCTS_DIR; };
		94231E8725BF6DC0005770D2 /* AppDelegate.swift */ = {isa = PBXFileReference; lastKnownFileType = sourcecode.swift; path = AppDelegate.swift; sourceTree = "<group>"; };
		94231E8925BF6DC0005770D2 /* SceneDelegate.swift */ = {isa = PBXFileReference; lastKnownFileType = sourcecode.swift; path = SceneDelegate.swift; sourceTree = "<group>"; };
		94231E8E25BF6DC0005770D2 /* Base */ = {isa = PBXFileReference; lastKnownFileType = file.storyboard; name = Base; path = Base.lproj/Main.storyboard; sourceTree = "<group>"; };
		94231E9025BF6DC1005770D2 /* Assets.xcassets */ = {isa = PBXFileReference; lastKnownFileType = folder.assetcatalog; path = Assets.xcassets; sourceTree = "<group>"; };
		94231E9325BF6DC1005770D2 /* Base */ = {isa = PBXFileReference; lastKnownFileType = file.storyboard; name = Base; path = Base.lproj/LaunchScreen.storyboard; sourceTree = "<group>"; };
		94231E9525BF6DC1005770D2 /* Info.plist */ = {isa = PBXFileReference; lastKnownFileType = text.plist.xml; path = Info.plist; sourceTree = "<group>"; };
		9432861225C686B400BE327E /* TableViewController.swift */ = {isa = PBXFileReference; lastKnownFileType = sourcecode.swift; path = TableViewController.swift; sourceTree = "<group>"; };
		9432861525C68BDD00BE327E /* MyGroupsTableViewController.swift */ = {isa = PBXFileReference; lastKnownFileType = sourcecode.swift; path = MyGroupsTableViewController.swift; sourceTree = "<group>"; };
		9432861825C68BEE00BE327E /* GlobalGroupsTableViewController.swift */ = {isa = PBXFileReference; lastKnownFileType = sourcecode.swift; path = GlobalGroupsTableViewController.swift; sourceTree = "<group>"; };
		948C49D925C0B97400826AE7 /* ViewController.swift */ = {isa = PBXFileReference; lastKnownFileType = sourcecode.swift; path = ViewController.swift; sourceTree = "<group>"; };
/* End PBXFileReference section */

/* Begin PBXFrameworksBuildPhase section */
		94231E8125BF6DC0005770D2 /* Frameworks */ = {
			isa = PBXFrameworksBuildPhase;
			buildActionMask = 2147483647;
			files = (
			);
			runOnlyForDeploymentPostprocessing = 0;
		};
/* End PBXFrameworksBuildPhase section */

/* Begin PBXGroup section */
		94231E7B25BF6DC0005770D2 = {
			isa = PBXGroup;
			children = (
				94231E8625BF6DC0005770D2 /* UILessonsApp */,
				94231E8525BF6DC0005770D2 /* Products */,
			);
			sourceTree = "<group>";
		};
		94231E8525BF6DC0005770D2 /* Products */ = {
			isa = PBXGroup;
			children = (
				94231E8425BF6DC0005770D2 /* UILessonsApp.app */,
			);
			name = Products;
			sourceTree = "<group>";
		};
		94231E8625BF6DC0005770D2 /* UILessonsApp */ = {
			isa = PBXGroup;
			children = (
				94231E8725BF6DC0005770D2 /* AppDelegate.swift */,
				94231E8925BF6DC0005770D2 /* SceneDelegate.swift */,
				94231E8D25BF6DC0005770D2 /* Main.storyboard */,
				948C49D925C0B97400826AE7 /* ViewController.swift */,
				9432861525C68BDD00BE327E /* MyGroupsTableViewController.swift */,
				9432861825C68BEE00BE327E /* GlobalGroupsTableViewController.swift */,
				9432861225C686B400BE327E /* TableViewController.swift */,
				94231E9025BF6DC1005770D2 /* Assets.xcassets */,
				94231E9225BF6DC1005770D2 /* LaunchScreen.storyboard */,
				94231E9525BF6DC1005770D2 /* Info.plist */,
			);
			path = UILessonsApp;
			sourceTree = "<group>";
		};
/* End PBXGroup section */

/* Begin PBXNativeTarget section */
		94231E8325BF6DC0005770D2 /* UILessonsApp */ = {
			isa = PBXNativeTarget;
			buildConfigurationList = 94231E9825BF6DC1005770D2 /* Build configuration list for PBXNativeTarget "UILessonsApp" */;
			buildPhases = (
				94231E8025BF6DC0005770D2 /* Sources */,
				94231E8125BF6DC0005770D2 /* Frameworks */,
				94231E8225BF6DC0005770D2 /* Resources */,
			);
			buildRules = (
			);
			dependencies = (
			);
			name = UILessonsApp;
			productName = UILessonsApp;
			productReference = 94231E8425BF6DC0005770D2 /* UILessonsApp.app */;
			productType = "com.apple.product-type.application";
		};
/* End PBXNativeTarget section */

/* Begin PBXProject section */
		94231E7C25BF6DC0005770D2 /* Project object */ = {
			isa = PBXProject;
			attributes = {
				LastSwiftUpdateCheck = 1230;
				LastUpgradeCheck = 1230;
				TargetAttributes = {
					94231E8325BF6DC0005770D2 = {
						CreatedOnToolsVersion = 12.3;
					};
				};
			};
			buildConfigurationList = 94231E7F25BF6DC0005770D2 /* Build configuration list for PBXProject "UILessonsApp" */;
			compatibilityVersion = "Xcode 9.3";
			developmentRegion = en;
			hasScannedForEncodings = 0;
			knownRegions = (
				en,
				Base,
			);
			mainGroup = 94231E7B25BF6DC0005770D2;
			productRefGroup = 94231E8525BF6DC0005770D2 /* Products */;
			projectDirPath = "";
			projectRoot = "";
			targets = (
				94231E8325BF6DC0005770D2 /* UILessonsApp */,
			);
		};
/* End PBXProject section */

/* Begin PBXResourcesBuildPhase section */
		94231E8225BF6DC0005770D2 /* Resources */ = {
			isa = PBXResourcesBuildPhase;
			buildActionMask = 2147483647;
			files = (
				94231E9425BF6DC1005770D2 /* LaunchScreen.storyboard in Resources */,
				94231E9125BF6DC1005770D2 /* Assets.xcassets in Resources */,
				94231E8F25BF6DC0005770D2 /* Main.storyboard in Resources */,
			);
			runOnlyForDeploymentPostprocessing = 0;
		};
/* End PBXResourcesBuildPhase section */

/* Begin PBXSourcesBuildPhase section */
		94231E8025BF6DC0005770D2 /* Sources */ = {
			isa = PBXSourcesBuildPhase;
			buildActionMask = 2147483647;
			files = (
				948C49DA25C0B97400826AE7 /* ViewController.swift in Sources */,
				94231E8825BF6DC0005770D2 /* AppDelegate.swift in Sources */,
				9432861925C68BEE00BE327E /* GlobalGroupsTableViewController.swift in Sources */,
				9432861625C68BDD00BE327E /* MyGroupsTableViewController.swift in Sources */,
				94231E8A25BF6DC0005770D2 /* SceneDelegate.swift in Sources */,
				9432861325C686B400BE327E /* TableViewController.swift in Sources */,
			);
			runOnlyForDeploymentPostprocessing = 0;
		};
/* End PBXSourcesBuildPhase section */

/* Begin PBXVariantGroup section */
		94231E8D25BF6DC0005770D2 /* Main.storyboard */ = {
			isa = PBXVariantGroup;
			children = (
				94231E8E25BF6DC0005770D2 /* Base */,
			);
			name = Main.storyboard;
			sourceTree = "<group>";
		};
		94231E9225BF6DC1005770D2 /* LaunchScreen.storyboard */ = {
			isa = PBXVariantGroup;
			children = (
				94231E9325BF6DC1005770D2 /* Base */,
			);
			name = LaunchScreen.storyboard;
			sourceTree = "<group>";
		};
/* End PBXVariantGroup section */

/* Begin XCBuildConfiguration section */
		94231E9625BF6DC1005770D2 /* Debug */ = {
			isa = XCBuildConfiguration;
			buildSettings = {
				ALWAYS_SEARCH_USER_PATHS = NO;
				CLANG_ANALYZER_NONNULL = YES;
				CLANG_ANALYZER_NUMBER_OBJECT_CONVERSION = YES_AGGRESSIVE;
				CLANG_CXX_LANGUAGE_STANDARD = "gnu++14";
				CLANG_CXX_LIBRARY = "libc++";
				CLANG_ENABLE_MODULES = YES;
				CLANG_ENABLE_OBJC_ARC = YES;
				CLANG_ENABLE_OBJC_WEAK = YES;
				CLANG_WARN_BLOCK_CAPTURE_AUTORELEASING = YES;
				CLANG_WARN_BOOL_CONVERSION = YES;
				CLANG_WARN_COMMA = YES;
				CLANG_WARN_CONSTANT_CONVERSION = YES;
				CLANG_WARN_DEPRECATED_OBJC_IMPLEMENTATIONS = YES;
				CLANG_WARN_DIRECT_OBJC_ISA_USAGE = YES_ERROR;
				CLANG_WARN_DOCUMENTATION_COMMENTS = YES;
				CLANG_WARN_EMPTY_BODY = YES;
				CLANG_WARN_ENUM_CONVERSION = YES;
				CLANG_WARN_INFINITE_RECURSION = YES;
				CLANG_WARN_INT_CONVERSION = YES;
				CLANG_WARN_NON_LITERAL_NULL_CONVERSION = YES;
				CLANG_WARN_OBJC_IMPLICIT_RETAIN_SELF = YES;
				CLANG_WARN_OBJC_LITERAL_CONVERSION = YES;
				CLANG_WARN_OBJC_ROOT_CLASS = YES_ERROR;
				CLANG_WARN_QUOTED_INCLUDE_IN_FRAMEWORK_HEADER = YES;
				CLANG_WARN_RANGE_LOOP_ANALYSIS = YES;
				CLANG_WARN_STRICT_PROTOTYPES = YES;
				CLANG_WARN_SUSPICIOUS_MOVE = YES;
				CLANG_WARN_UNGUARDED_AVAILABILITY = YES_AGGRESSIVE;
				CLANG_WARN_UNREACHABLE_CODE = YES;
				CLANG_WARN__DUPLICATE_METHOD_MATCH = YES;
				COPY_PHASE_STRIP = NO;
				DEBUG_INFORMATION_FORMAT = dwarf;
				ENABLE_STRICT_OBJC_MSGSEND = YES;
				ENABLE_TESTABILITY = YES;
				GCC_C_LANGUAGE_STANDARD = gnu11;
				GCC_DYNAMIC_NO_PIC = NO;
				GCC_NO_COMMON_BLOCKS = YES;
				GCC_OPTIMIZATION_LEVEL = 0;
				GCC_PREPROCESSOR_DEFINITIONS = (
					"DEBUG=1",
					"$(inherited)",
				);
				GCC_WARN_64_TO_32_BIT_CONVERSION = YES;
				GCC_WARN_ABOUT_RETURN_TYPE = YES_ERROR;
				GCC_WARN_UNDECLARED_SELECTOR = YES;
				GCC_WARN_UNINITIALIZED_AUTOS = YES_AGGRESSIVE;
				GCC_WARN_UNUSED_FUNCTION = YES;
				GCC_WARN_UNUSED_VARIABLE = YES;
				IPHONEOS_DEPLOYMENT_TARGET = 14.0;
				MTL_ENABLE_DEBUG_INFO = INCLUDE_SOURCE;
				MTL_FAST_MATH = YES;
				ONLY_ACTIVE_ARCH = YES;
				SDKROOT = iphoneos;
				SWIFT_ACTIVE_COMPILATION_CONDITIONS = DEBUG;
				SWIFT_OPTIMIZATION_LEVEL = "-Onone";
			};
			name = Debug;
		};
		94231E9725BF6DC1005770D2 /* Release */ = {
			isa = XCBuildConfiguration;
			buildSettings = {
				ALWAYS_SEARCH_USER_PATHS = NO;
				CLANG_ANALYZER_NONNULL = YES;
				CLANG_ANALYZER_NUMBER_OBJECT_CONVERSION = YES_AGGRESSIVE;
				CLANG_CXX_LANGUAGE_STANDARD = "gnu++14";
				CLANG_CXX_LIBRARY = "libc++";
				CLANG_ENABLE_MODULES = YES;
				CLANG_ENABLE_OBJC_ARC = YES;
				CLANG_ENABLE_OBJC_WEAK = YES;
				CLANG_WARN_BLOCK_CAPTURE_AUTORELEASING = YES;
				CLANG_WARN_BOOL_CONVERSION = YES;
				CLANG_WARN_COMMA = YES;
				CLANG_WARN_CONSTANT_CONVERSION = YES;
				CLANG_WARN_DEPRECATED_OBJC_IMPLEMENTATIONS = YES;
				CLANG_WARN_DIRECT_OBJC_ISA_USAGE = YES_ERROR;
				CLANG_WARN_DOCUMENTATION_COMMENTS = YES;
				CLANG_WARN_EMPTY_BODY = YES;
				CLANG_WARN_ENUM_CONVERSION = YES;
				CLANG_WARN_INFINITE_RECURSION = YES;
				CLANG_WARN_INT_CONVERSION = YES;
				CLANG_WARN_NON_LITERAL_NULL_CONVERSION = YES;
				CLANG_WARN_OBJC_IMPLICIT_RETAIN_SELF = YES;
				CLANG_WARN_OBJC_LITERAL_CONVERSION = YES;
				CLANG_WARN_OBJC_ROOT_CLASS = YES_ERROR;
				CLANG_WARN_QUOTED_INCLUDE_IN_FRAMEWORK_HEADER = YES;
				CLANG_WARN_RANGE_LOOP_ANALYSIS = YES;
				CLANG_WARN_STRICT_PROTOTYPES = YES;
				CLANG_WARN_SUSPICIOUS_MOVE = YES;
				CLANG_WARN_UNGUARDED_AVAILABILITY = YES_AGGRESSIVE;
				CLANG_WARN_UNREACHABLE_CODE = YES;
				CLANG_WARN__DUPLICATE_METHOD_MATCH = YES;
				COPY_PHASE_STRIP = NO;
				DEBUG_INFORMATION_FORMAT = "dwarf-with-dsym";
				ENABLE_NS_ASSERTIONS = NO;
				ENABLE_STRICT_OBJC_MSGSEND = YES;
				GCC_C_LANGUAGE_STANDARD = gnu11;
				GCC_NO_COMMON_BLOCKS = YES;
				GCC_WARN_64_TO_32_BIT_CONVERSION = YES;
				GCC_WARN_ABOUT_RETURN_TYPE = YES_ERROR;
				GCC_WARN_UNDECLARED_SELECTOR = YES;
				GCC_WARN_UNINITIALIZED_AUTOS = YES_AGGRESSIVE;
				GCC_WARN_UNUSED_FUNCTION = YES;
				GCC_WARN_UNUSED_VARIABLE = YES;
				IPHONEOS_DEPLOYMENT_TARGET = 14.0;
				MTL_ENABLE_DEBUG_INFO = NO;
				MTL_FAST_MATH = YES;
				SDKROOT = iphoneos;
				SWIFT_COMPILATION_MODE = wholemodule;
				SWIFT_OPTIMIZATION_LEVEL = "-O";
				VALIDATE_PRODUCT = YES;
			};
			name = Release;
		};
		94231E9925BF6DC1005770D2 /* Debug */ = {
			isa = XCBuildConfiguration;
			buildSettings = {
				ASSETCATALOG_COMPILER_APPICON_NAME = AppIcon;
				ASSETCATALOG_COMPILER_GLOBAL_ACCENT_COLOR_NAME = AccentColor;
				CODE_SIGN_STYLE = Automatic;
				DEVELOPMENT_TEAM = 6B38C32R95;
				INFOPLIST_FILE = UILessonsApp/Info.plist;
				LD_RUNPATH_SEARCH_PATHS = (
					"$(inherited)",
					"@executable_path/Frameworks",
				);
				PRODUCT_BUNDLE_IDENTIFIER = com.zamirich.UILessonsApp;
				PRODUCT_NAME = "$(TARGET_NAME)";
				SWIFT_VERSION = 5.0;
				TARGETED_DEVICE_FAMILY = "1,2";
			};
			name = Debug;
		};
		94231E9A25BF6DC1005770D2 /* Release */ = {
			isa = XCBuildConfiguration;
			buildSettings = {
				ASSETCATALOG_COMPILER_APPICON_NAME = AppIcon;
				ASSETCATALOG_COMPILER_GLOBAL_ACCENT_COLOR_NAME = AccentColor;
				CODE_SIGN_STYLE = Automatic;
				DEVELOPMENT_TEAM = 6B38C32R95;
				INFOPLIST_FILE = UILessonsApp/Info.plist;
				LD_RUNPATH_SEARCH_PATHS = (
					"$(inherited)",
					"@executable_path/Frameworks",
				);
				PRODUCT_BUNDLE_IDENTIFIER = com.zamirich.UILessonsApp;
				PRODUCT_NAME = "$(TARGET_NAME)";
				SWIFT_VERSION = 5.0;
				TARGETED_DEVICE_FAMILY = "1,2";
			};
			name = Release;
		};
/* End XCBuildConfiguration section */

/* Begin XCConfigurationList section */
		94231E7F25BF6DC0005770D2 /* Build configuration list for PBXProject "UILessonsApp" */ = {
			isa = XCConfigurationList;
			buildConfigurations = (
				94231E9625BF6DC1005770D2 /* Debug */,
				94231E9725BF6DC1005770D2 /* Release */,
			);
			defaultConfigurationIsVisible = 0;
			defaultConfigurationName = Release;
		};
		94231E9825BF6DC1005770D2 /* Build configuration list for PBXNativeTarget "UILessonsApp" */ = {
			isa = XCConfigurationList;
			buildConfigurations = (
				94231E9925BF6DC1005770D2 /* Debug */,
				94231E9A25BF6DC1005770D2 /* Release */,
			);
			defaultConfigurationIsVisible = 0;
			defaultConfigurationName = Release;
		};
/* End XCConfigurationList section */
	};
	rootObject = 94231E7C25BF6DC0005770D2 /* Project object */;
}
